
Microsoft Visual Studio Solution File, Format Version 11.00
# Visual Studio 2010
Project("{FAE04EC0-301F-11D3-BF4B-00C04F79EFBC}") = "Assembly-CSharp", "Assembly-CSharp.csproj", "{189caa47-0d5c-ba6c-e448-04017c163d0b}"
EndProject
Project("{FAE04EC0-301F-11D3-BF4B-00C04F79EFBC}") = "Oculus.VR", "Oculus.VR.csproj", "{16b3cf4b-da94-edf0-0302-b561bb6375ba}"
EndProject
Project("{FAE04EC0-301F-11D3-BF4B-00C04F79EFBC}") = "Oculus.Spatializer", "Oculus.Spatializer.csproj", "{64e59515-9ff8-cb5f-556c-4638df20cb9c}"
EndProject
Project("{FAE04EC0-301F-11D3-BF4B-00C04F79EFBC}") = "Oculus.Platform", "Oculus.Platform.csproj", "{5b426b6d-1aaa-5584-da28-4d78ba0dea71}"
EndProject
Project("{FAE04EC0-301F-11D3-BF4B-00C04F79EFBC}") = "Oculus.LipSync", "Oculus.LipSync.csproj", "{42694b7d-b766-3ce6-f60f-fa9f31bdd881}"
EndProject
Project("{FAE04EC0-301F-11D3-BF4B-00C04F79EFBC}") = "Oculus.AudioManager", "Oculus.AudioManager.csproj", "{72c980c2-2fae-4aa6-e9e2-45938392587d}"
EndProject
Project("{FAE04EC0-301F-11D3-BF4B-00C04F79EFBC}") = "Assembly-CSharp-Editor", "Assembly-CSharp-Editor.csproj", "{adcb396a-33fb-981c-7252-3b77ed2d4319}"
EndProject
Project("{FAE04EC0-301F-11D3-BF4B-00C04F79EFBC}") = "Oculus.AudioManager.Audio.Editor", "Oculus.AudioManager.Audio.Editor.csproj", "{1287cc44-e549-3ed7-77b2-d396c17d4006}"
EndProject
Project("{FAE04EC0-301F-11D3-BF4B-00C04F79EFBC}") = "Oculus.VR.Scripts.Editor", "Oculus.VR.Scripts.Editor.csproj", "{7a91bbf7-6da2-d302-ae38-e2fa3296ffd8}"
EndProject
Project("{FAE04EC0-301F-11D3-BF4B-00C04F79EFBC}") = "Oculus.VR.Editor", "Oculus.VR.Editor.csproj", "{d506abcd-5b58-9003-e7c2-d74ae7a40348}"
EndProject
Project("{FAE04EC0-301F-11D3-BF4B-00C04F79EFBC}") = "Oculus.Spatializer.Editor", "Oculus.Spatializer.Editor.csproj", "{19dd5ea4-98f3-1529-28db-09be78e223e0}"
EndProject
Project("{FAE04EC0-301F-11D3-BF4B-00C04F79EFBC}") = "Oculus.Platform.Editor", "Oculus.Platform.Editor.csproj", "{2048e5b5-02c2-a6d4-5c9d-910a10074eb2}"
EndProject
Project("{FAE04EC0-301F-11D3-BF4B-00C04F79EFBC}") = "Oculus.LipSync.Editor", "Oculus.LipSync.Editor.csproj", "{ef35206d-bdc1-8590-5fd6-59cb3f4c8475}"
EndProject
Project("{FAE04EC0-301F-11D3-BF4B-00C04F79EFBC}") = "Oculus.AudioManager.Utils.Editor", "Oculus.AudioManager.Utils.Editor.csproj", "{04ad4ab2-cc9a-0bac-f30f-c4cabfe2f43f}"
EndProject
Global
	GlobalSection(SolutionConfigurationPlatforms) = preSolution
		Debug|Any CPU = Debug|Any CPU
	EndGlobalSection
	GlobalSection(ProjectConfigurationPlatforms) = postSolution
		{189caa47-0d5c-ba6c-e448-04017c163d0b}.Debug|Any CPU.ActiveCfg = Debug|Any CPU
		{189caa47-0d5c-ba6c-e448-04017c163d0b}.Debug|Any CPU.Build.0 = Debug|Any CPU
		{16b3cf4b-da94-edf0-0302-b561bb6375ba}.Debug|Any CPU.ActiveCfg = Debug|Any CPU
		{16b3cf4b-da94-edf0-0302-b561bb6375ba}.Debug|Any CPU.Build.0 = Debug|Any CPU
		{64e59515-9ff8-cb5f-556c-4638df20cb9c}.Debug|Any CPU.ActiveCfg = Debug|Any CPU
		{64e59515-9ff8-cb5f-556c-4638df20cb9c}.Debug|Any CPU.Build.0 = Debug|Any CPU
		{5b426b6d-1aaa-5584-da28-4d78ba0dea71}.Debug|Any CPU.ActiveCfg = Debug|Any CPU
		{5b426b6d-1aaa-5584-da28-4d78ba0dea71}.Debug|Any CPU.Build.0 = Debug|Any CPU
		{42694b7d-b766-3ce6-f60f-fa9f31bdd881}.Debug|Any CPU.ActiveCfg = Debug|Any CPU
		{42694b7d-b766-3ce6-f60f-fa9f31bdd881}.Debug|Any CPU.Build.0 = Debug|Any CPU
		{72c980c2-2fae-4aa6-e9e2-45938392587d}.Debug|Any CPU.ActiveCfg = Debug|Any CPU
		{72c980c2-2fae-4aa6-e9e2-45938392587d}.Debug|Any CPU.Build.0 = Debug|Any CPU
		{adcb396a-33fb-981c-7252-3b77ed2d4319}.Debug|Any CPU.ActiveCfg = Debug|Any CPU
		{adcb396a-33fb-981c-7252-3b77ed2d4319}.Debug|Any CPU.Build.0 = Debug|Any CPU
		{1287cc44-e549-3ed7-77b2-d396c17d4006}.Debug|Any CPU.ActiveCfg = Debug|Any CPU
		{1287cc44-e549-3ed7-77b2-d396c17d4006}.Debug|Any CPU.Build.0 = Debug|Any CPU
		{7a91bbf7-6da2-d302-ae38-e2fa3296ffd8}.Debug|Any CPU.ActiveCfg = Debug|Any CPU
		{7a91bbf7-6da2-d302-ae38-e2fa3296ffd8}.Debug|Any CPU.Build.0 = Debug|Any CPU
		{d506abcd-5b58-9003-e7c2-d74ae7a40348}.Debug|Any CPU.ActiveCfg = Debug|Any CPU
		{d506abcd-5b58-9003-e7c2-d74ae7a40348}.Debug|Any CPU.Build.0 = Debug|Any CPU
		{19dd5ea4-98f3-1529-28db-09be78e223e0}.Debug|Any CPU.ActiveCfg = Debug|Any CPU
		{19dd5ea4-98f3-1529-28db-09be78e223e0}.Debug|Any CPU.Build.0 = Debug|Any CPU
		{2048e5b5-02c2-a6d4-5c9d-910a10074eb2}.Debug|Any CPU.ActiveCfg = Debug|Any CPU
		{2048e5b5-02c2-a6d4-5c9d-910a10074eb2}.Debug|Any CPU.Build.0 = Debug|Any CPU
		{ef35206d-bdc1-8590-5fd6-59cb3f4c8475}.Debug|Any CPU.ActiveCfg = Debug|Any CPU
		{ef35206d-bdc1-8590-5fd6-59cb3f4c8475}.Debug|Any CPU.Build.0 = Debug|Any CPU
		{04ad4ab2-cc9a-0bac-f30f-c4cabfe2f43f}.Debug|Any CPU.ActiveCfg = Debug|Any CPU
		{04ad4ab2-cc9a-0bac-f30f-c4cabfe2f43f}.Debug|Any CPU.Build.0 = Debug|Any CPU
	EndGlobalSection
	GlobalSection(SolutionProperties) = preSolution
		HideSolutionNode = FALSE
	EndGlobalSection
EndGlobal
